
Microsoft Visual Studio Solution File, Format Version 12.00
# Visual Studio Version 16
VisualStudioVersion = 16.0.809.1
MinimumVisualStudioVersion = 10.0.40219.1
Project("{FAE04EC0-301F-11D3-BF4B-00C04F79EFBC}") = "TestJustDotNet", "TestJustDotNet\TestJustDotNet.csproj", "{DE5793B4-53D5-4F8C-9A46-360E198113C4}"
EndProject
Global
	GlobalSection(SolutionConfigurationPlatforms) = preSolution
		Debug|Any CPU = Debug|Any CPU
		Release|Any CPU = Release|Any CPU
	EndGlobalSection
	GlobalSection(ProjectConfigurationPlatforms) = postSolution
		{DE5793B4-53D5-4F8C-9A46-360E198113C4}.Debug|Any CPU.ActiveCfg = Debug|Any CPU
		{DE5793B4-53D5-4F8C-9A46-360E198113C4}.Debug|Any CPU.Build.0 = Debug|Any CPU
		{DE5793B4-53D5-4F8C-9A46-360E198113C4}.Release|Any CPU.ActiveCfg = Release|Any CPU
		{DE5793B4-53D5-4F8C-9A46-360E198113C4}.Release|Any CPU.Build.0 = Release|Any CPU
	EndGlobalSection
	GlobalSection(SolutionProperties) = preSolution
		HideSolutionNode = FALSE
	EndGlobalSection
	GlobalSection(ExtensibilityGlobals) = postSolution
		SolutionGuid = {BB25499B-06FA-43DD-8DF8-38317D53E8D3}
	EndGlobalSection
EndGlobal
